
Microsoft Visual Studio Solution File, Format Version 12.00
# Visual Studio Version 17
VisualStudioVersion = 17.0.31903.59
MinimumVisualStudioVersion = 10.0.40219.1
Project("{2150E333-8FDC-42A3-9474-1A3956D46DE8}") = "src", "src", "{827E0CD3-B72D-47B6-A68D-7590B98EB39B}"
EndProject
Project("{FAE04EC0-301F-11D3-BF4B-00C04F79EFBC}") = "Lubnan.Domain", "src\Lubnan.Domain\Lubnan.Domain.csproj", "{B2D749E5-94BD-4C77-837E-460884DA4CA6}"
EndProject
Project("{FAE04EC0-301F-11D3-BF4B-00C04F79EFBC}") = "Lubnan.Application", "src\Lubnan.Application\Lubnan.Application.csproj", "{C22EDB2E-CD11-48B7-9DAF-DE19DEAE83B1}"
EndProject
Project("{FAE04EC0-301F-11D3-BF4B-00C04F79EFBC}") = "Lubnan.Infrastructure", "src\Lubnan.Infrastructure\Lubnan.Infrastructure.csproj", "{40D649F0-46BC-45B3-A41C-B9B23233382F}"
EndProject
Project("{FAE04EC0-301F-11D3-BF4B-00C04F79EFBC}") = "Lubnan.Api", "src\Lubnan.Api\Lubnan.Api.csproj", "{A5C8F6E6-1D9D-4DF5-8A55-30BB48707269}"
EndProject
Project("{2150E333-8FDC-42A3-9474-1A3956D46DE8}") = "tests", "tests", "{0AB3BF05-4346-4AA6-1389-037BE0695223}"
EndProject
Project("{FAE04EC0-301F-11D3-BF4B-00C04F79EFBC}") = "Lubnan.Domain.Tests", "tests\Lubnan.Domain.Tests\Lubnan.Domain.Tests.csproj", "{5649EA24-C235-41A5-9892-9AB48990D7F6}"
EndProject
Project("{FAE04EC0-301F-11D3-BF4B-00C04F79EFBC}") = "Lubnan.Architecture.Tests", "tests\Lubnan.Architecture.Tests\Lubnan.Architecture.Tests.csproj", "{1C9770DD-3AA3-4CFC-824E-51127E5E6994}"
EndProject
Project("{FAE04EC0-301F-11D3-BF4B-00C04F79EFBC}") = "Lubnan.Api.IntegrationTests", "tests\Lubnan.Api.IntegrationTests\Lubnan.Api.IntegrationTests.csproj", "{CDF5141E-3277-453B-A22C-A0B09DA6D3B8}"
EndProject
Global
	GlobalSection(SolutionConfigurationPlatforms) = preSolution
		Debug|Any CPU = Debug|Any CPU
		Debug|x64 = Debug|x64
		Debug|x86 = Debug|x86
		Release|Any CPU = Release|Any CPU
		Release|x64 = Release|x64
		Release|x86 = Release|x86
	EndGlobalSection
	GlobalSection(ProjectConfigurationPlatforms) = postSolution
		{B2D749E5-94BD-4C77-837E-460884DA4CA6}.Debug|Any CPU.ActiveCfg = Debug|Any CPU
		{B2D749E5-94BD-4C77-837E-460884DA4CA6}.Debug|Any CPU.Build.0 = Debug|Any CPU
		{B2D749E5-94BD-4C77-837E-460884DA4CA6}.Debug|x64.ActiveCfg = Debug|Any CPU
		{B2D749E5-94BD-4C77-837E-460884DA4CA6}.Debug|x64.Build.0 = Debug|Any CPU
		{B2D749E5-94BD-4C77-837E-460884DA4CA6}.Debug|x86.ActiveCfg = Debug|Any CPU
		{B2D749E5-94BD-4C77-837E-460884DA4CA6}.Debug|x86.Build.0 = Debug|Any CPU
		{B2D749E5-94BD-4C77-837E-460884DA4CA6}.Release|Any CPU.ActiveCfg = Release|Any CPU
		{B2D749E5-94BD-4C77-837E-460884DA4CA6}.Release|Any CPU.Build.0 = Release|Any CPU
		{B2D749E5-94BD-4C77-837E-460884DA4CA6}.Release|x64.ActiveCfg = Release|Any CPU
		{B2D749E5-94BD-4C77-837E-460884DA4CA6}.Release|x64.Build.0 = Release|Any CPU
		{B2D749E5-94BD-4C77-837E-460884DA4CA6}.Release|x86.ActiveCfg = Release|Any CPU
		{B2D749E5-94BD-4C77-837E-460884DA4CA6}.Release|x86.Build.0 = Release|Any CPU
		{C22EDB2E-CD11-48B7-9DAF-DE19DEAE83B1}.Debug|Any CPU.ActiveCfg = Debug|Any CPU
		{C22EDB2E-CD11-48B7-9DAF-DE19DEAE83B1}.Debug|Any CPU.Build.0 = Debug|Any CPU
		{C22EDB2E-CD11-48B7-9DAF-DE19DEAE83B1}.Debug|x64.ActiveCfg = Debug|Any CPU
		{C22EDB2E-CD11-48B7-9DAF-DE19DEAE83B1}.Debug|x64.Build.0 = Debug|Any CPU
		{C22EDB2E-CD11-48B7-9DAF-DE19DEAE83B1}.Debug|x86.ActiveCfg = Debug|Any CPU
		{C22EDB2E-CD11-48B7-9DAF-DE19DEAE83B1}.Debug|x86.Build.0 = Debug|Any CPU
		{C22EDB2E-CD11-48B7-9DAF-DE19DEAE83B1}.Release|Any CPU.ActiveCfg = Release|Any CPU
		{C22EDB2E-CD11-48B7-9DAF-DE19DEAE83B1}.Release|Any CPU.Build.0 = Release|Any CPU
		{C22EDB2E-CD11-48B7-9DAF-DE19DEAE83B1}.Release|x64.ActiveCfg = Release|Any CPU
		{C22EDB2E-CD11-48B7-9DAF-DE19DEAE83B1}.Release|x64.Build.0 = Release|Any CPU
		{C22EDB2E-CD11-48B7-9DAF-DE19DEAE83B1}.Release|x86.ActiveCfg = Release|Any CPU
		{C22EDB2E-CD11-48B7-9DAF-DE19DEAE83B1}.Release|x86.Build.0 = Release|Any CPU
		{40D649F0-46BC-45B3-A41C-B9B23233382F}.Debug|Any CPU.ActiveCfg = Debug|Any CPU
		{40D649F0-46BC-45B3-A41C-B9B23233382F}.Debug|Any CPU.Build.0 = Debug|Any CPU
		{40D649F0-46BC-45B3-A41C-B9B23233382F}.Debug|x64.ActiveCfg = Debug|Any CPU
		{40D649F0-46BC-45B3-A41C-B9B23233382F}.Debug|x64.Build.0 = Debug|Any CPU
		{40D649F0-46BC-45B3-A41C-B9B23233382F}.Debug|x86.ActiveCfg = Debug|Any CPU
		{40D649F0-46BC-45B3-A41C-B9B23233382F}.Debug|x86.Build.0 = Debug|Any CPU
		{40D649F0-46BC-45B3-A41C-B9B23233382F}.Release|Any CPU.ActiveCfg = Release|Any CPU
		{40D649F0-46BC-45B3-A41C-B9B23233382F}.Release|Any CPU.Build.0 = Release|Any CPU
		{40D649F0-46BC-45B3-A41C-B9B23233382F}.Release|x64.ActiveCfg = Release|Any CPU
		{40D649F0-46BC-45B3-A41C-B9B23233382F}.Release|x64.Build.0 = Release|Any CPU
		{40D649F0-46BC-45B3-A41C-B9B23233382F}.Release|x86.ActiveCfg = Release|Any CPU
		{40D649F0-46BC-45B3-A41C-B9B23233382F}.Release|x86.Build.0 = Release|Any CPU
		{A5C8F6E6-1D9D-4DF5-8A55-30BB48707269}.Debug|Any CPU.ActiveCfg = Debug|Any CPU
		{A5C8F6E6-1D9D-4DF5-8A55-30BB48707269}.Debug|Any CPU.Build.0 = Debug|Any CPU
		{A5C8F6E6-1D9D-4DF5-8A55-30BB48707269}.Debug|x64.ActiveCfg = Debug|Any CPU
		{A5C8F6E6-1D9D-4DF5-8A55-30BB48707269}.Debug|x64.Build.0 = Debug|Any CPU
		{A5C8F6E6-1D9D-4DF5-8A55-30BB48707269}.Debug|x86.ActiveCfg = Debug|Any CPU
		{A5C8F6E6-1D9D-4DF5-8A55-30BB48707269}.Debug|x86.Build.0 = Debug|Any CPU
		{A5C8F6E6-1D9D-4DF5-8A55-30BB48707269}.Release|Any CPU.ActiveCfg = Release|Any CPU
		{A5C8F6E6-1D9D-4DF5-8A55-30BB48707269}.Release|Any CPU.Build.0 = Release|Any CPU
		{A5C8F6E6-1D9D-4DF5-8A55-30BB48707269}.Release|x64.ActiveCfg = Release|Any CPU
		{A5C8F6E6-1D9D-4DF5-8A55-30BB48707269}.Release|x64.Build.0 = Release|Any CPU
		{A5C8F6E6-1D9D-4DF5-8A55-30BB48707269}.Release|x86.ActiveCfg = Release|Any CPU
		{A5C8F6E6-1D9D-4DF5-8A55-30BB48707269}.Release|x86.Build.0 = Release|Any CPU
		{5649EA24-C235-41A5-9892-9AB48990D7F6}.Debug|Any CPU.ActiveCfg = Debug|Any CPU
		{5649EA24-C235-41A5-9892-9AB48990D7F6}.Debug|Any CPU.Build.0 = Debug|Any CPU
		{5649EA24-C235-41A5-9892-9AB48990D7F6}.Debug|x64.ActiveCfg = Debug|Any CPU
		{5649EA24-C235-41A5-9892-9AB48990D7F6}.Debug|x64.Build.0 = Debug|Any CPU
		{5649EA24-C235-41A5-9892-9AB48990D7F6}.Debug|x86.ActiveCfg = Debug|Any CPU
		{5649EA24-C235-41A5-9892-9AB48990D7F6}.Debug|x86.Build.0 = Debug|Any CPU
		{5649EA24-C235-41A5-9892-9AB48990D7F6}.Release|Any CPU.ActiveCfg = Release|Any CPU
		{5649EA24-C235-41A5-9892-9AB48990D7F6}.Release|Any CPU.Build.0 = Release|Any CPU
		{5649EA24-C235-41A5-9892-9AB48990D7F6}.Release|x64.ActiveCfg = Release|Any CPU
		{5649EA24-C235-41A5-9892-9AB48990D7F6}.Release|x64.Build.0 = Release|Any CPU
		{5649EA24-C235-41A5-9892-9AB48990D7F6}.Release|x86.ActiveCfg = Release|Any CPU
		{5649EA24-C235-41A5-9892-9AB48990D7F6}.Release|x86.Build.0 = Release|Any CPU
		{1C9770DD-3AA3-4CFC-824E-51127E5E6994}.Debug|Any CPU.ActiveCfg = Debug|Any CPU
		{1C9770DD-3AA3-4CFC-824E-51127E5E6994}.Debug|Any CPU.Build.0 = Debug|Any CPU
		{1C9770DD-3AA3-4CFC-824E-51127E5E6994}.Debug|x64.ActiveCfg = Debug|Any CPU
		{1C9770DD-3AA3-4CFC-824E-51127E5E6994}.Debug|x64.Build.0 = Debug|Any CPU
		{1C9770DD-3AA3-4CFC-824E-51127E5E6994}.Debug|x86.ActiveCfg = Debug|Any CPU
		{1C9770DD-3AA3-4CFC-824E-51127E5E6994}.Debug|x86.Build.0 = Debug|Any CPU
		{1C9770DD-3AA3-4CFC-824E-51127E5E6994}.Release|Any CPU.ActiveCfg = Release|Any CPU
		{1C9770DD-3AA3-4CFC-824E-51127E5E6994}.Release|Any CPU.Build.0 = Release|Any CPU
		{1C9770DD-3AA3-4CFC-824E-51127E5E6994}.Release|x64.ActiveCfg = Release|Any CPU
		{1C9770DD-3AA3-4CFC-824E-51127E5E6994}.Release|x64.Build.0 = Release|Any CPU
		{1C9770DD-3AA3-4CFC-824E-51127E5E6994}.Release|x86.ActiveCfg = Release|Any CPU
		{1C9770DD-3AA3-4CFC-824E-51127E5E6994}.Release|x86.Build.0 = Release|Any CPU
		{CDF5141E-3277-453B-A22C-A0B09DA6D3B8}.Debug|Any CPU.ActiveCfg = Debug|Any CPU
		{CDF5141E-3277-453B-A22C-A0B09DA6D3B8}.Debug|Any CPU.Build.0 = Debug|Any CPU
		{CDF5141E-3277-453B-A22C-A0B09DA6D3B8}.Debug|x64.ActiveCfg = Debug|Any CPU
		{CDF5141E-3277-453B-A22C-A0B09DA6D3B8}.Debug|x64.Build.0 = Debug|Any CPU
		{CDF5141E-3277-453B-A22C-A0B09DA6D3B8}.Debug|x86.ActiveCfg = Debug|Any CPU
		{CDF5141E-3277-453B-A22C-A0B09DA6D3B8}.Debug|x86.Build.0 = Debug|Any CPU
		{CDF5141E-3277-453B-A22C-A0B09DA6D3B8}.Release|Any CPU.ActiveCfg = Release|Any CPU
		{CDF5141E-3277-453B-A22C-A0B09DA6D3B8}.Release|Any CPU.Build.0 = Release|Any CPU
		{CDF5141E-3277-453B-A22C-A0B09DA6D3B8}.Release|x64.ActiveCfg = Release|Any CPU
		{CDF5141E-3277-453B-A22C-A0B09DA6D3B8}.Release|x64.Build.0 = Release|Any CPU
		{CDF5141E-3277-453B-A22C-A0B09DA6D3B8}.Release|x86.ActiveCfg = Release|Any CPU
		{CDF5141E-3277-453B-A22C-A0B09DA6D3B8}.Release|x86.Build.0 = Release|Any CPU
	EndGlobalSection
	GlobalSection(SolutionProperties) = preSolution
		HideSolutionNode = FALSE
	EndGlobalSection
	GlobalSection(NestedProjects) = preSolution
		{B2D749E5-94BD-4C77-837E-460884DA4CA6} = {827E0CD3-B72D-47B6-A68D-7590B98EB39B}
		{C22EDB2E-CD11-48B7-9DAF-DE19DEAE83B1} = {827E0CD3-B72D-47B6-A68D-7590B98EB39B}
		{40D649F0-46BC-45B3-A41C-B9B23233382F} = {827E0CD3-B72D-47B6-A68D-7590B98EB39B}
		{A5C8F6E6-1D9D-4DF5-8A55-30BB48707269} = {827E0CD3-B72D-47B6-A68D-7590B98EB39B}
		{5649EA24-C235-41A5-9892-9AB48990D7F6} = {0AB3BF05-4346-4AA6-1389-037BE0695223}
		{1C9770DD-3AA3-4CFC-824E-51127E5E6994} = {0AB3BF05-4346-4AA6-1389-037BE0695223}
		{CDF5141E-3277-453B-A22C-A0B09DA6D3B8} = {0AB3BF05-4346-4AA6-1389-037BE0695223}
	EndGlobalSection
EndGlobal
